// !$*UTF8*$!
{
	archiveVersion = 1;
	classes = {
	};
	objectVersion = 56;
	objects = {

/* Begin PBXBuildFile section */
		A10000000000000000000001 /* FreshBrewApp.swift in Sources */ = {isa = PBXBuildFile; fileRef = B10000000000000000000001 /* FreshBrewApp.swift */; };
		A10000000000000000000002 /* AppDelegate.swift in Sources */ = {isa = PBXBuildFile; fileRef = B10000000000000000000002 /* AppDelegate.swift */; };
		A10000000000000000000003 /* AppIdentity.swift in Sources */ = {isa = PBXBuildFile; fileRef = B10000000000000000000003 /* AppIdentity.swift */; };
		A10000000000000000000004 /* MenuBarController.swift in Sources */ = {isa = PBXBuildFile; fileRef = B10000000000000000000004 /* MenuBarController.swift */; };
		A20000000000000000000001 /* AppWindowPresenter.swift in Sources */ = {isa = PBXBuildFile; fileRef = B20000000000000000000001 /* AppWindowPresenter.swift */; };
		A20000000000000000000002 /* StatusIconAnimator.swift in Sources */ = {isa = PBXBuildFile; fileRef = B20000000000000000000002 /* StatusIconAnimator.swift */; };
		A10000000000000000000005 /* Assets.xcassets in Resources */ = {isa = PBXBuildFile; fileRef = B10000000000000000000005 /* Assets.xcassets */; };
		A10000000000000000000006 /* AppIdentityTests.swift in Sources */ = {isa = PBXBuildFile; fileRef = B10000000000000000000008 /* AppIdentityTests.swift */; };
		A10000000000000000000007 /* HomebrewPackage.swift in Sources */ = {isa = PBXBuildFile; fileRef = B10000000000000000000012 /* HomebrewPackage.swift */; };
		A10000000000000000000008 /* UpdateResult.swift in Sources */ = {isa = PBXBuildFile; fileRef = B10000000000000000000013 /* UpdateResult.swift */; };
		A10000000000000000000009 /* UpdateProgress.swift in Sources */ = {isa = PBXBuildFile; fileRef = B10000000000000000000014 /* UpdateProgress.swift */; };
		A1000000000000000000000A /* CleanupResult.swift in Sources */ = {isa = PBXBuildFile; fileRef = B10000000000000000000015 /* CleanupResult.swift */; };
		A1000000000000000000000B /* CommandRunner.swift in Sources */ = {isa = PBXBuildFile; fileRef = B10000000000000000000016 /* CommandRunner.swift */; };
		A1000000000000000000000C /* HomebrewError.swift in Sources */ = {isa = PBXBuildFile; fileRef = B10000000000000000000017 /* HomebrewError.swift */; };
		A1000000000000000000000D /* HomebrewService.swift in Sources */ = {isa = PBXBuildFile; fileRef = B10000000000000000000018 /* HomebrewService.swift */; };
		A1000000000000000000000E /* AdminAuthorizationContext.swift in Sources */ = {isa = PBXBuildFile; fileRef = B10000000000000000000019 /* AdminAuthorizationContext.swift */; };
		A1000000000000000000000F /* CaskRecoveryStore.swift in Sources */ = {isa = PBXBuildFile; fileRef = B1000000000000000000001A /* CaskRecoveryStore.swift */; };
		A10000000000000000000010 /* HomebrewParsingTests.swift in Sources */ = {isa = PBXBuildFile; fileRef = B1000000000000000000001B /* HomebrewParsingTests.swift */; };
		A10000000000000000000011 /* HomebrewServiceTests.swift in Sources */ = {isa = PBXBuildFile; fileRef = B1000000000000000000001C /* HomebrewServiceTests.swift */; };
		A10000000000000000000012 /* AdminAuthorizationContextTests.swift in Sources */ = {isa = PBXBuildFile; fileRef = B1000000000000000000001D /* AdminAuthorizationContextTests.swift */; };
		A10000000000000000000013 /* CaskRecoveryStoreTests.swift in Sources */ = {isa = PBXBuildFile; fileRef = B1000000000000000000001E /* CaskRecoveryStoreTests.swift */; };
		A10000000000000000000014 /* CommandRunnerTests.swift in Sources */ = {isa = PBXBuildFile; fileRef = B1000000000000000000001F /* CommandRunnerTests.swift */; };
		A10000000000000000000015 /* AutomaticCheckMode.swift in Sources */ = {isa = PBXBuildFile; fileRef = B10000000000000000000020 /* AutomaticCheckMode.swift */; };
		A10000000000000000000016 /* HomebrewErrorLogEntry.swift in Sources */ = {isa = PBXBuildFile; fileRef = B10000000000000000000021 /* HomebrewErrorLogEntry.swift */; };
		A10000000000000000000017 /* UpdateHistoryEntry.swift in Sources */ = {isa = PBXBuildFile; fileRef = B10000000000000000000022 /* UpdateHistoryEntry.swift */; };
		A10000000000000000000018 /* HomebrewServicing.swift in Sources */ = {isa = PBXBuildFile; fileRef = B10000000000000000000023 /* HomebrewServicing.swift */; };
		A10000000000000000000019 /* FreshBrewPreferences.swift in Sources */ = {isa = PBXBuildFile; fileRef = B10000000000000000000024 /* FreshBrewPreferences.swift */; };
		A1000000000000000000001A /* UpdateHistoryStore.swift in Sources */ = {isa = PBXBuildFile; fileRef = B10000000000000000000025 /* UpdateHistoryStore.swift */; };
		A1000000000000000000001B /* HomebrewErrorLogStore.swift in Sources */ = {isa = PBXBuildFile; fileRef = B10000000000000000000026 /* HomebrewErrorLogStore.swift */; };
		A1000000000000000000001C /* MenuBarModel.swift in Sources */ = {isa = PBXBuildFile; fileRef = B10000000000000000000027 /* MenuBarModel.swift */; };
		A1000000000000000000001D /* FreshBrewPreferencesTests.swift in Sources */ = {isa = PBXBuildFile; fileRef = B10000000000000000000028 /* FreshBrewPreferencesTests.swift */; };
		A1000000000000000000001E /* PersistenceStoreTests.swift in Sources */ = {isa = PBXBuildFile; fileRef = B10000000000000000000029 /* PersistenceStoreTests.swift */; };
		A1000000000000000000001F /* MenuBarModelTests.swift in Sources */ = {isa = PBXBuildFile; fileRef = B1000000000000000000002A /* MenuBarModelTests.swift */; };
		A10000000000000000000020 /* NotificationService.swift in Sources */ = {isa = PBXBuildFile; fileRef = B1000000000000000000002B /* NotificationService.swift */; };
		A10000000000000000000021 /* LaunchAtLoginService.swift in Sources */ = {isa = PBXBuildFile; fileRef = B1000000000000000000002C /* LaunchAtLoginService.swift */; };
		A10000000000000000000022 /* AdminAuthorizationPrompt.swift in Sources */ = {isa = PBXBuildFile; fileRef = B1000000000000000000002D /* AdminAuthorizationPrompt.swift */; };
		A10000000000000000000023 /* UpdateActionCoordinator.swift in Sources */ = {isa = PBXBuildFile; fileRef = B1000000000000000000002E /* UpdateActionCoordinator.swift */; };
		A10000000000000000000024 /* NotificationActionRouter.swift in Sources */ = {isa = PBXBuildFile; fileRef = B1000000000000000000002F /* NotificationActionRouter.swift */; };
		A10000000000000000000025 /* SessionUnlockMonitor.swift in Sources */ = {isa = PBXBuildFile; fileRef = B10000000000000000000030 /* SessionUnlockMonitor.swift */; };
		A10000000000000000000026 /* SingleInstanceGuard.swift in Sources */ = {isa = PBXBuildFile; fileRef = B10000000000000000000031 /* SingleInstanceGuard.swift */; };
		A10000000000000000000027 /* HistoryGrouping.swift in Sources */ = {isa = PBXBuildFile; fileRef = B10000000000000000000032 /* HistoryGrouping.swift */; };
		A10000000000000000000028 /* HistoryView.swift in Sources */ = {isa = PBXBuildFile; fileRef = B10000000000000000000033 /* HistoryView.swift */; };
		A10000000000000000000029 /* SkippedPackagesView.swift in Sources */ = {isa = PBXBuildFile; fileRef = B10000000000000000000034 /* SkippedPackagesView.swift */; };
		A1000000000000000000002A /* AboutView.swift in Sources */ = {isa = PBXBuildFile; fileRef = B10000000000000000000035 /* AboutView.swift */; };
		A1000000000000000000002B /* HistoryGroupingTests.swift in Sources */ = {isa = PBXBuildFile; fileRef = B10000000000000000000036 /* HistoryGroupingTests.swift */; };
		A1000000000000000000002C /* NotificationServiceTests.swift in Sources */ = {isa = PBXBuildFile; fileRef = B10000000000000000000037 /* NotificationServiceTests.swift */; };
		A1000000000000000000002D /* AppWorkflowTests.swift in Sources */ = {isa = PBXBuildFile; fileRef = B10000000000000000000038 /* AppWorkflowTests.swift */; };
/* End PBXBuildFile section */

/* Begin PBXContainerItemProxy section */
		J10000000000000000000001 /* PBXContainerItemProxy */ = {
			isa = PBXContainerItemProxy;
			containerPortal = F10000000000000000000001 /* Project object */;
			proxyType = 1;
			remoteGlobalIDString = E10000000000000000000001;
			remoteInfo = FreshBrew;
		};
/* End PBXContainerItemProxy section */

/* Begin PBXFileReference section */
		B10000000000000000000001 /* FreshBrewApp.swift */ = {isa = PBXFileReference; lastKnownFileType = sourcecode.swift; path = FreshBrewApp.swift; sourceTree = "<group>"; };
		B10000000000000000000002 /* AppDelegate.swift */ = {isa = PBXFileReference; lastKnownFileType = sourcecode.swift; path = AppDelegate.swift; sourceTree = "<group>"; };
		B10000000000000000000003 /* AppIdentity.swift */ = {isa = PBXFileReference; lastKnownFileType = sourcecode.swift; path = AppIdentity.swift; sourceTree = "<group>"; };
		B10000000000000000000004 /* MenuBarController.swift */ = {isa = PBXFileReference; lastKnownFileType = sourcecode.swift; path = MenuBarController.swift; sourceTree = "<group>"; };
		B20000000000000000000001 /* AppWindowPresenter.swift */ = {isa = PBXFileReference; lastKnownFileType = sourcecode.swift; path = AppWindowPresenter.swift; sourceTree = "<group>"; };
		B20000000000000000000002 /* StatusIconAnimator.swift */ = {isa = PBXFileReference; lastKnownFileType = sourcecode.swift; path = StatusIconAnimator.swift; sourceTree = "<group>"; };
		B10000000000000000000005 /* Assets.xcassets */ = {isa = PBXFileReference; lastKnownFileType = folder.assetcatalog; path = Assets.xcassets; sourceTree = "<group>"; };
		B10000000000000000000006 /* Info.plist */ = {isa = PBXFileReference; lastKnownFileType = text.plist.xml; path = Info.plist; sourceTree = "<group>"; };
		B10000000000000000000007 /* FreshBrew.entitlements */ = {isa = PBXFileReference; lastKnownFileType = text.plist.entitlements; path = FreshBrew.entitlements; sourceTree = "<group>"; };
		B10000000000000000000008 /* AppIdentityTests.swift */ = {isa = PBXFileReference; lastKnownFileType = sourcecode.swift; path = AppIdentityTests.swift; sourceTree = "<group>"; };
		B10000000000000000000010 /* FreshBrew.app */ = {isa = PBXFileReference; explicitFileType = wrapper.application; includeInIndex = 0; path = FreshBrew.app; sourceTree = BUILT_PRODUCTS_DIR; };
		B10000000000000000000011 /* FreshBrewTests.xctest */ = {isa = PBXFileReference; explicitFileType = wrapper.cfbundle; includeInIndex = 0; path = FreshBrewTests.xctest; sourceTree = BUILT_PRODUCTS_DIR; };
		B10000000000000000000012 /* HomebrewPackage.swift */ = {isa = PBXFileReference; lastKnownFileType = sourcecode.swift; path = HomebrewPackage.swift; sourceTree = "<group>"; };
		B10000000000000000000013 /* UpdateResult.swift */ = {isa = PBXFileReference; lastKnownFileType = sourcecode.swift; path = UpdateResult.swift; sourceTree = "<group>"; };
		B10000000000000000000014 /* UpdateProgress.swift */ = {isa = PBXFileReference; lastKnownFileType = sourcecode.swift; path = UpdateProgress.swift; sourceTree = "<group>"; };
		B10000000000000000000015 /* CleanupResult.swift */ = {isa = PBXFileReference; lastKnownFileType = sourcecode.swift; path = CleanupResult.swift; sourceTree = "<group>"; };
		B10000000000000000000016 /* CommandRunner.swift */ = {isa = PBXFileReference; lastKnownFileType = sourcecode.swift; path = CommandRunner.swift; sourceTree = "<group>"; };
		B10000000000000000000017 /* HomebrewError.swift */ = {isa = PBXFileReference; lastKnownFileType = sourcecode.swift; path = HomebrewError.swift; sourceTree = "<group>"; };
		B10000000000000000000018 /* HomebrewService.swift */ = {isa = PBXFileReference; lastKnownFileType = sourcecode.swift; path = HomebrewService.swift; sourceTree = "<group>"; };
		B10000000000000000000019 /* AdminAuthorizationContext.swift */ = {isa = PBXFileReference; lastKnownFileType = sourcecode.swift; path = AdminAuthorizationContext.swift; sourceTree = "<group>"; };
		B1000000000000000000001A /* CaskRecoveryStore.swift */ = {isa = PBXFileReference; lastKnownFileType = sourcecode.swift; path = CaskRecoveryStore.swift; sourceTree = "<group>"; };
		B1000000000000000000001B /* HomebrewParsingTests.swift */ = {isa = PBXFileReference; lastKnownFileType = sourcecode.swift; path = HomebrewParsingTests.swift; sourceTree = "<group>"; };
		B1000000000000000000001C /* HomebrewServiceTests.swift */ = {isa = PBXFileReference; lastKnownFileType = sourcecode.swift; path = HomebrewServiceTests.swift; sourceTree = "<group>"; };
		B1000000000000000000001D /* AdminAuthorizationContextTests.swift */ = {isa = PBXFileReference; lastKnownFileType = sourcecode.swift; path = AdminAuthorizationContextTests.swift; sourceTree = "<group>"; };
		B1000000000000000000001E /* CaskRecoveryStoreTests.swift */ = {isa = PBXFileReference; lastKnownFileType = sourcecode.swift; path = CaskRecoveryStoreTests.swift; sourceTree = "<group>"; };
		B1000000000000000000001F /* CommandRunnerTests.swift */ = {isa = PBXFileReference; lastKnownFileType = sourcecode.swift; path = CommandRunnerTests.swift; sourceTree = "<group>"; };
		B10000000000000000000020 /* AutomaticCheckMode.swift */ = {isa = PBXFileReference; lastKnownFileType = sourcecode.swift; path = AutomaticCheckMode.swift; sourceTree = "<group>"; };
		B10000000000000000000021 /* HomebrewErrorLogEntry.swift */ = {isa = PBXFileReference; lastKnownFileType = sourcecode.swift; path = HomebrewErrorLogEntry.swift; sourceTree = "<group>"; };
		B10000000000000000000022 /* UpdateHistoryEntry.swift */ = {isa = PBXFileReference; lastKnownFileType = sourcecode.swift; path = UpdateHistoryEntry.swift; sourceTree = "<group>"; };
		B10000000000000000000023 /* HomebrewServicing.swift */ = {isa = PBXFileReference; lastKnownFileType = sourcecode.swift; path = HomebrewServicing.swift; sourceTree = "<group>"; };
		B10000000000000000000024 /* FreshBrewPreferences.swift */ = {isa = PBXFileReference; lastKnownFileType = sourcecode.swift; path = FreshBrewPreferences.swift; sourceTree = "<group>"; };
		B10000000000000000000025 /* UpdateHistoryStore.swift */ = {isa = PBXFileReference; lastKnownFileType = sourcecode.swift; path = UpdateHistoryStore.swift; sourceTree = "<group>"; };
		B10000000000000000000026 /* HomebrewErrorLogStore.swift */ = {isa = PBXFileReference; lastKnownFileType = sourcecode.swift; path = HomebrewErrorLogStore.swift; sourceTree = "<group>"; };
		B10000000000000000000027 /* MenuBarModel.swift */ = {isa = PBXFileReference; lastKnownFileType = sourcecode.swift; path = MenuBarModel.swift; sourceTree = "<group>"; };
		B10000000000000000000028 /* FreshBrewPreferencesTests.swift */ = {isa = PBXFileReference; lastKnownFileType = sourcecode.swift; path = FreshBrewPreferencesTests.swift; sourceTree = "<group>"; };
		B10000000000000000000029 /* PersistenceStoreTests.swift */ = {isa = PBXFileReference; lastKnownFileType = sourcecode.swift; path = PersistenceStoreTests.swift; sourceTree = "<group>"; };
		B1000000000000000000002A /* MenuBarModelTests.swift */ = {isa = PBXFileReference; lastKnownFileType = sourcecode.swift; path = MenuBarModelTests.swift; sourceTree = "<group>"; };
		B1000000000000000000002B /* NotificationService.swift */ = {isa = PBXFileReference; lastKnownFileType = sourcecode.swift; path = NotificationService.swift; sourceTree = "<group>"; };
		B1000000000000000000002C /* LaunchAtLoginService.swift */ = {isa = PBXFileReference; lastKnownFileType = sourcecode.swift; path = LaunchAtLoginService.swift; sourceTree = "<group>"; };
		B1000000000000000000002D /* AdminAuthorizationPrompt.swift */ = {isa = PBXFileReference; lastKnownFileType = sourcecode.swift; path = AdminAuthorizationPrompt.swift; sourceTree = "<group>"; };
		B1000000000000000000002E /* UpdateActionCoordinator.swift */ = {isa = PBXFileReference; lastKnownFileType = sourcecode.swift; path = UpdateActionCoordinator.swift; sourceTree = "<group>"; };
		B1000000000000000000002F /* NotificationActionRouter.swift */ = {isa = PBXFileReference; lastKnownFileType = sourcecode.swift; path = NotificationActionRouter.swift; sourceTree = "<group>"; };
		B10000000000000000000030 /* SessionUnlockMonitor.swift */ = {isa = PBXFileReference; lastKnownFileType = sourcecode.swift; path = SessionUnlockMonitor.swift; sourceTree = "<group>"; };
		B10000000000000000000031 /* SingleInstanceGuard.swift */ = {isa = PBXFileReference; lastKnownFileType = sourcecode.swift; path = SingleInstanceGuard.swift; sourceTree = "<group>"; };
		B10000000000000000000032 /* HistoryGrouping.swift */ = {isa = PBXFileReference; lastKnownFileType = sourcecode.swift; path = HistoryGrouping.swift; sourceTree = "<group>"; };
		B10000000000000000000033 /* HistoryView.swift */ = {isa = PBXFileReference; lastKnownFileType = sourcecode.swift; path = HistoryView.swift; sourceTree = "<group>"; };
		B10000000000000000000034 /* SkippedPackagesView.swift */ = {isa = PBXFileReference; lastKnownFileType = sourcecode.swift; path = SkippedPackagesView.swift; sourceTree = "<group>"; };
		B10000000000000000000035 /* AboutView.swift */ = {isa = PBXFileReference; lastKnownFileType = sourcecode.swift; path = AboutView.swift; sourceTree = "<group>"; };
		B10000000000000000000036 /* HistoryGroupingTests.swift */ = {isa = PBXFileReference; lastKnownFileType = sourcecode.swift; path = HistoryGroupingTests.swift; sourceTree = "<group>"; };
		B10000000000000000000037 /* NotificationServiceTests.swift */ = {isa = PBXFileReference; lastKnownFileType = sourcecode.swift; path = NotificationServiceTests.swift; sourceTree = "<group>"; };
		B10000000000000000000038 /* AppWorkflowTests.swift */ = {isa = PBXFileReference; lastKnownFileType = sourcecode.swift; path = AppWorkflowTests.swift; sourceTree = "<group>"; };
/* End PBXFileReference section */

/* Begin PBXFrameworksBuildPhase section */
		D10000000000000000000002 /* Frameworks */ = {
			isa = PBXFrameworksBuildPhase;
			buildActionMask = 2147483647;
			files = (
			);
			runOnlyForDeploymentPostprocessing = 0;
		};
		D10000000000000000000005 /* Frameworks */ = {
			isa = PBXFrameworksBuildPhase;
			buildActionMask = 2147483647;
			files = (
			);
			runOnlyForDeploymentPostprocessing = 0;
		};
/* End PBXFrameworksBuildPhase section */

/* Begin PBXGroup section */
		C10000000000000000000001 = {
			isa = PBXGroup;
			children = (
				C10000000000000000000002 /* FreshBrew */,
				C10000000000000000000006 /* FreshBrewTests */,
				C10000000000000000000005 /* Products */,
			);
			sourceTree = "<group>";
		};
		C10000000000000000000002 /* FreshBrew */ = {
			isa = PBXGroup;
			children = (
				C10000000000000000000003 /* App */,
				C10000000000000000000007 /* Features */,
				C10000000000000000000008 /* Models */,
				C10000000000000000000009 /* Services */,
				C1000000000000000000000A /* Support */,
				B10000000000000000000005 /* Assets.xcassets */,
				B10000000000000000000007 /* FreshBrew.entitlements */,
				B10000000000000000000006 /* Info.plist */,
			);
			path = FreshBrew;
			sourceTree = "<group>";
		};
		C10000000000000000000003 /* App */ = {
			isa = PBXGroup;
			children = (
				B10000000000000000000003 /* AppIdentity.swift */,
				B10000000000000000000002 /* AppDelegate.swift */,
				B20000000000000000000001 /* AppWindowPresenter.swift */,
				B10000000000000000000001 /* FreshBrewApp.swift */,
				B1000000000000000000002F /* NotificationActionRouter.swift */,
				B10000000000000000000030 /* SessionUnlockMonitor.swift */,
			);
			path = App;
			sourceTree = "<group>";
		};
		C10000000000000000000004 /* MenuBar */ = {
			isa = PBXGroup;
			children = (
				B10000000000000000000027 /* MenuBarModel.swift */,
				B10000000000000000000004 /* MenuBarController.swift */,
				B20000000000000000000002 /* StatusIconAnimator.swift */,
			);
			path = MenuBar;
			sourceTree = "<group>";
		};
		C10000000000000000000005 /* Products */ = {
			isa = PBXGroup;
			children = (
				B10000000000000000000010 /* FreshBrew.app */,
				B10000000000000000000011 /* FreshBrewTests.xctest */,
			);
			name = Products;
			sourceTree = "<group>";
		};
		C10000000000000000000006 /* FreshBrewTests */ = {
			isa = PBXGroup;
			children = (
				B10000000000000000000038 /* AppWorkflowTests.swift */,
				B10000000000000000000008 /* AppIdentityTests.swift */,
				B1000000000000000000001D /* AdminAuthorizationContextTests.swift */,
				B1000000000000000000001E /* CaskRecoveryStoreTests.swift */,
				B1000000000000000000001F /* CommandRunnerTests.swift */,
				B10000000000000000000028 /* FreshBrewPreferencesTests.swift */,
				B10000000000000000000036 /* HistoryGroupingTests.swift */,
				B1000000000000000000001B /* HomebrewParsingTests.swift */,
				B1000000000000000000001C /* HomebrewServiceTests.swift */,
				B1000000000000000000002A /* MenuBarModelTests.swift */,
				B10000000000000000000037 /* NotificationServiceTests.swift */,
				B10000000000000000000029 /* PersistenceStoreTests.swift */,
			);
			path = FreshBrewTests;
			sourceTree = "<group>";
		};
		C10000000000000000000007 /* Features */ = {
			isa = PBXGroup;
			children = (
				C1000000000000000000000D /* About */,
				C1000000000000000000000B /* History */,
				C10000000000000000000004 /* MenuBar */,
				C1000000000000000000000C /* SkippedPackages */,
			);
			path = Features;
			sourceTree = "<group>";
		};
		C10000000000000000000008 /* Models */ = {
			isa = PBXGroup;
			children = (
				B10000000000000000000020 /* AutomaticCheckMode.swift */,
				B10000000000000000000015 /* CleanupResult.swift */,
				B10000000000000000000021 /* HomebrewErrorLogEntry.swift */,
				B10000000000000000000012 /* HomebrewPackage.swift */,
				B10000000000000000000022 /* UpdateHistoryEntry.swift */,
				B10000000000000000000014 /* UpdateProgress.swift */,
				B10000000000000000000013 /* UpdateResult.swift */,
			);
			path = Models;
			sourceTree = "<group>";
		};
		C10000000000000000000009 /* Services */ = {
			isa = PBXGroup;
			children = (
				B10000000000000000000016 /* CommandRunner.swift */,
				B10000000000000000000024 /* FreshBrewPreferences.swift */,
				B10000000000000000000017 /* HomebrewError.swift */,
				B10000000000000000000026 /* HomebrewErrorLogStore.swift */,
				B10000000000000000000018 /* HomebrewService.swift */,
				B10000000000000000000023 /* HomebrewServicing.swift */,
				B1000000000000000000002C /* LaunchAtLoginService.swift */,
				B1000000000000000000002B /* NotificationService.swift */,
				B10000000000000000000025 /* UpdateHistoryStore.swift */,
			);
			path = Services;
			sourceTree = "<group>";
		};
		C1000000000000000000000A /* Support */ = {
			isa = PBXGroup;
			children = (
				B10000000000000000000019 /* AdminAuthorizationContext.swift */,
				B1000000000000000000002D /* AdminAuthorizationPrompt.swift */,
				B1000000000000000000001A /* CaskRecoveryStore.swift */,
				B10000000000000000000031 /* SingleInstanceGuard.swift */,
				B1000000000000000000002E /* UpdateActionCoordinator.swift */,
			);
			path = Support;
			sourceTree = "<group>";
		};
		C1000000000000000000000B /* History */ = {
			isa = PBXGroup;
			children = (
				B10000000000000000000032 /* HistoryGrouping.swift */,
				B10000000000000000000033 /* HistoryView.swift */,
			);
			path = History;
			sourceTree = "<group>";
		};
		C1000000000000000000000C /* SkippedPackages */ = {
			isa = PBXGroup;
			children = (
				B10000000000000000000034 /* SkippedPackagesView.swift */,
			);
			path = SkippedPackages;
			sourceTree = "<group>";
		};
		C1000000000000000000000D /* About */ = {
			isa = PBXGroup;
			children = (
				B10000000000000000000035 /* AboutView.swift */,
			);
			path = About;
			sourceTree = "<group>";
		};
/* End PBXGroup section */

/* Begin PBXNativeTarget section */
		E10000000000000000000001 /* FreshBrew */ = {
			isa = PBXNativeTarget;
			buildConfigurationList = H10000000000000000000002 /* Build configuration list for PBXNativeTarget "FreshBrew" */;
			buildPhases = (
				D10000000000000000000001 /* Sources */,
				D10000000000000000000002 /* Frameworks */,
				D10000000000000000000003 /* Resources */,
			);
			buildRules = (
			);
			dependencies = (
			);
			name = FreshBrew;
			productName = FreshBrew;
			productReference = B10000000000000000000010 /* FreshBrew.app */;
			productType = "com.apple.product-type.application";
		};
		E10000000000000000000002 /* FreshBrewTests */ = {
			isa = PBXNativeTarget;
			buildConfigurationList = H10000000000000000000003 /* Build configuration list for PBXNativeTarget "FreshBrewTests" */;
			buildPhases = (
				D10000000000000000000004 /* Sources */,
				D10000000000000000000005 /* Frameworks */,
				D10000000000000000000006 /* Resources */,
			);
			buildRules = (
			);
			dependencies = (
				I10000000000000000000001 /* PBXTargetDependency */,
			);
			name = FreshBrewTests;
			productName = FreshBrewTests;
			productReference = B10000000000000000000011 /* FreshBrewTests.xctest */;
			productType = "com.apple.product-type.bundle.unit-test";
		};
/* End PBXNativeTarget section */

/* Begin PBXProject section */
		F10000000000000000000001 /* Project object */ = {
			isa = PBXProject;
			attributes = {
				BuildIndependentTargetsInParallel = 1;
				LastSwiftUpdateCheck = 2660;
				LastUpgradeCheck = 2660;
				TargetAttributes = {
					E10000000000000000000001 = {
						CreatedOnToolsVersion = 26.6;
					};
					E10000000000000000000002 = {
						CreatedOnToolsVersion = 26.6;
						TestTargetID = E10000000000000000000001;
					};
				};
			};
			buildConfigurationList = H10000000000000000000001 /* Build configuration list for PBXProject "FreshBrew" */;
			compatibilityVersion = "Xcode 14.0";
			developmentRegion = en;
			hasScannedForEncodings = 0;
			knownRegions = (
				en,
				Base,
			);
			mainGroup = C10000000000000000000001;
			productRefGroup = C10000000000000000000005 /* Products */;
			projectDirPath = "";
			projectRoot = "";
			targets = (
				E10000000000000000000001 /* FreshBrew */,
				E10000000000000000000002 /* FreshBrewTests */,
			);
		};
/* End PBXProject section */

/* Begin PBXResourcesBuildPhase section */
		D10000000000000000000003 /* Resources */ = {
			isa = PBXResourcesBuildPhase;
			buildActionMask = 2147483647;
			files = (
				A10000000000000000000005 /* Assets.xcassets in Resources */,
			);
			runOnlyForDeploymentPostprocessing = 0;
		};
		D10000000000000000000006 /* Resources */ = {
			isa = PBXResourcesBuildPhase;
			buildActionMask = 2147483647;
			files = (
			);
			runOnlyForDeploymentPostprocessing = 0;
		};
/* End PBXResourcesBuildPhase section */

/* Begin PBXSourcesBuildPhase section */
		D10000000000000000000001 /* Sources */ = {
			isa = PBXSourcesBuildPhase;
			buildActionMask = 2147483647;
			files = (
				A20000000000000000000001 /* AppWindowPresenter.swift in Sources */,
				A20000000000000000000002 /* StatusIconAnimator.swift in Sources */,
				A1000000000000000000002A /* AboutView.swift in Sources */,
				A1000000000000000000000E /* AdminAuthorizationContext.swift in Sources */,
				A10000000000000000000015 /* AutomaticCheckMode.swift in Sources */,
				A1000000000000000000000F /* CaskRecoveryStore.swift in Sources */,
				A1000000000000000000000A /* CleanupResult.swift in Sources */,
				A1000000000000000000000B /* CommandRunner.swift in Sources */,
				A10000000000000000000019 /* FreshBrewPreferences.swift in Sources */,
				A10000000000000000000027 /* HistoryGrouping.swift in Sources */,
				A10000000000000000000028 /* HistoryView.swift in Sources */,
				A10000000000000000000003 /* AppIdentity.swift in Sources */,
				A10000000000000000000002 /* AppDelegate.swift in Sources */,
				A10000000000000000000001 /* FreshBrewApp.swift in Sources */,
				A1000000000000000000000C /* HomebrewError.swift in Sources */,
				A10000000000000000000016 /* HomebrewErrorLogEntry.swift in Sources */,
				A1000000000000000000001B /* HomebrewErrorLogStore.swift in Sources */,
				A10000000000000000000007 /* HomebrewPackage.swift in Sources */,
				A1000000000000000000000D /* HomebrewService.swift in Sources */,
				A10000000000000000000018 /* HomebrewServicing.swift in Sources */,
				A10000000000000000000021 /* LaunchAtLoginService.swift in Sources */,
				A1000000000000000000001C /* MenuBarModel.swift in Sources */,
				A10000000000000000000004 /* MenuBarController.swift in Sources */,
				A10000000000000000000024 /* NotificationActionRouter.swift in Sources */,
				A10000000000000000000020 /* NotificationService.swift in Sources */,
				A10000000000000000000025 /* SessionUnlockMonitor.swift in Sources */,
				A10000000000000000000026 /* SingleInstanceGuard.swift in Sources */,
				A10000000000000000000029 /* SkippedPackagesView.swift in Sources */,
				A10000000000000000000022 /* AdminAuthorizationPrompt.swift in Sources */,
				A10000000000000000000023 /* UpdateActionCoordinator.swift in Sources */,
				A10000000000000000000009 /* UpdateProgress.swift in Sources */,
				A10000000000000000000008 /* UpdateResult.swift in Sources */,
				A10000000000000000000017 /* UpdateHistoryEntry.swift in Sources */,
				A1000000000000000000001A /* UpdateHistoryStore.swift in Sources */,
			);
			runOnlyForDeploymentPostprocessing = 0;
		};
		D10000000000000000000004 /* Sources */ = {
			isa = PBXSourcesBuildPhase;
			buildActionMask = 2147483647;
			files = (
				A1000000000000000000002D /* AppWorkflowTests.swift in Sources */,
				A10000000000000000000012 /* AdminAuthorizationContextTests.swift in Sources */,
				A10000000000000000000006 /* AppIdentityTests.swift in Sources */,
				A10000000000000000000013 /* CaskRecoveryStoreTests.swift in Sources */,
				A10000000000000000000014 /* CommandRunnerTests.swift in Sources */,
				A1000000000000000000001D /* FreshBrewPreferencesTests.swift in Sources */,
				A1000000000000000000002B /* HistoryGroupingTests.swift in Sources */,
				A10000000000000000000010 /* HomebrewParsingTests.swift in Sources */,
				A10000000000000000000011 /* HomebrewServiceTests.swift in Sources */,
				A1000000000000000000001F /* MenuBarModelTests.swift in Sources */,
				A1000000000000000000002C /* NotificationServiceTests.swift in Sources */,
				A1000000000000000000001E /* PersistenceStoreTests.swift in Sources */,
			);
			runOnlyForDeploymentPostprocessing = 0;
		};
/* End PBXSourcesBuildPhase section */

/* Begin PBXTargetDependency section */
		I10000000000000000000001 /* PBXTargetDependency */ = {
			isa = PBXTargetDependency;
			target = E10000000000000000000001 /* FreshBrew */;
			targetProxy = J10000000000000000000001 /* PBXContainerItemProxy */;
		};
/* End PBXTargetDependency section */

/* Begin XCBuildConfiguration section */
		G10000000000000000000001 /* Debug */ = {
			isa = XCBuildConfiguration;
			buildSettings = {
				ALWAYS_SEARCH_USER_PATHS = NO;
				ARCHS = arm64;
				CLANG_ENABLE_MODULES = YES;
				CLANG_ENABLE_OBJC_ARC = YES;
				COPY_PHASE_STRIP = NO;
				DEBUG_INFORMATION_FORMAT = dwarf;
				ENABLE_TESTABILITY = YES;
				GCC_C_LANGUAGE_STANDARD = gnu17;
				GCC_OPTIMIZATION_LEVEL = 0;
				GCC_PREPROCESSOR_DEFINITIONS = (
					"DEBUG=1",
					"$(inherited)",
				);
				MACOSX_DEPLOYMENT_TARGET = 14.0;
				MTL_ENABLE_DEBUG_INFO = INCLUDE_SOURCE;
				ONLY_ACTIVE_ARCH = YES;
				SDKROOT = macosx;
				SWIFT_ACTIVE_COMPILATION_CONDITIONS = "DEBUG $(inherited)";
				SWIFT_OPTIMIZATION_LEVEL = "-Onone";
			};
			name = Debug;
		};
		G10000000000000000000002 /* Release */ = {
			isa = XCBuildConfiguration;
			buildSettings = {
				ALWAYS_SEARCH_USER_PATHS = NO;
				ARCHS = arm64;
				CLANG_ENABLE_MODULES = YES;
				CLANG_ENABLE_OBJC_ARC = YES;
				COPY_PHASE_STRIP = NO;
				DEAD_CODE_STRIPPING = YES;
				DEBUG_INFORMATION_FORMAT = "dwarf-with-dsym";
				GCC_C_LANGUAGE_STANDARD = gnu17;
				MACOSX_DEPLOYMENT_TARGET = 14.0;
				MTL_ENABLE_DEBUG_INFO = NO;
				ONLY_ACTIVE_ARCH = YES;
				SDKROOT = macosx;
				SWIFT_COMPILATION_MODE = wholemodule;
			};
			name = Release;
		};
		G10000000000000000000003 /* Debug */ = {
			isa = XCBuildConfiguration;
			buildSettings = {
				ASSETCATALOG_COMPILER_GENERATE_SWIFT_ASSET_SYMBOL_EXTENSIONS = YES;
				CODE_SIGN_ENTITLEMENTS = FreshBrew/FreshBrew.entitlements;
				CODE_SIGN_STYLE = Automatic;
				COMBINE_HIDPI_IMAGES = YES;
				CURRENT_PROJECT_VERSION = 1;
				DEVELOPMENT_TEAM = 65UN9AC738;
				ENABLE_APP_SANDBOX = NO;
				ENABLE_HARDENED_RUNTIME = YES;
				GENERATE_INFOPLIST_FILE = NO;
				INFOPLIST_FILE = FreshBrew/Info.plist;
				MARKETING_VERSION = 0.1.0;
				PRODUCT_BUNDLE_IDENTIFIER = net.siann.freshbrew;
				PRODUCT_NAME = "$(TARGET_NAME)";
				STRING_CATALOG_GENERATE_SYMBOLS = YES;
				SWIFT_EMIT_LOC_STRINGS = YES;
				SWIFT_VERSION = 5.0;
			};
			name = Debug;
		};
		G10000000000000000000004 /* Release */ = {
			isa = XCBuildConfiguration;
			buildSettings = {
				ASSETCATALOG_COMPILER_GENERATE_SWIFT_ASSET_SYMBOL_EXTENSIONS = YES;
				CODE_SIGN_ENTITLEMENTS = FreshBrew/FreshBrew.entitlements;
				CODE_SIGN_STYLE = Automatic;
				COMBINE_HIDPI_IMAGES = YES;
				CURRENT_PROJECT_VERSION = 1;
				DEAD_CODE_STRIPPING = YES;
				DEVELOPMENT_TEAM = 65UN9AC738;
				ENABLE_APP_SANDBOX = NO;
				ENABLE_HARDENED_RUNTIME = YES;
				GENERATE_INFOPLIST_FILE = NO;
				INFOPLIST_FILE = FreshBrew/Info.plist;
				MARKETING_VERSION = 0.1.0;
				PRODUCT_BUNDLE_IDENTIFIER = net.siann.freshbrew;
				PRODUCT_NAME = "$(TARGET_NAME)";
				STRING_CATALOG_GENERATE_SYMBOLS = YES;
				SWIFT_EMIT_LOC_STRINGS = YES;
				SWIFT_VERSION = 5.0;
			};
			name = Release;
		};
		G10000000000000000000005 /* Debug */ = {
			isa = XCBuildConfiguration;
			buildSettings = {
				BUNDLE_LOADER = "$(TEST_HOST)";
				CODE_SIGN_STYLE = Automatic;
				DEVELOPMENT_TEAM = 65UN9AC738;
				GENERATE_INFOPLIST_FILE = YES;
				PRODUCT_BUNDLE_IDENTIFIER = net.siann.freshbrew.tests;
				PRODUCT_NAME = "$(TARGET_NAME)";
				SWIFT_VERSION = 5.0;
				TEST_HOST = "$(BUILT_PRODUCTS_DIR)/FreshBrew.app/Contents/MacOS/FreshBrew";
			};
			name = Debug;
		};
		G10000000000000000000006 /* Release */ = {
			isa = XCBuildConfiguration;
			buildSettings = {
				BUNDLE_LOADER = "$(TEST_HOST)";
				CODE_SIGN_STYLE = Automatic;
				DEVELOPMENT_TEAM = 65UN9AC738;
				GENERATE_INFOPLIST_FILE = YES;
				PRODUCT_BUNDLE_IDENTIFIER = net.siann.freshbrew.tests;
				PRODUCT_NAME = "$(TARGET_NAME)";
				SWIFT_VERSION = 5.0;
				TEST_HOST = "$(BUILT_PRODUCTS_DIR)/FreshBrew.app/Contents/MacOS/FreshBrew";
			};
			name = Release;
		};
/* End XCBuildConfiguration section */

/* Begin XCConfigurationList section */
		H10000000000000000000001 /* Build configuration list for PBXProject "FreshBrew" */ = {
			isa = XCConfigurationList;
			buildConfigurations = (
				G10000000000000000000001 /* Debug */,
				G10000000000000000000002 /* Release */,
			);
			defaultConfigurationIsVisible = 0;
			defaultConfigurationName = Release;
		};
		H10000000000000000000002 /* Build configuration list for PBXNativeTarget "FreshBrew" */ = {
			isa = XCConfigurationList;
			buildConfigurations = (
				G10000000000000000000003 /* Debug */,
				G10000000000000000000004 /* Release */,
			);
			defaultConfigurationIsVisible = 0;
			defaultConfigurationName = Release;
		};
		H10000000000000000000003 /* Build configuration list for PBXNativeTarget "FreshBrewTests" */ = {
			isa = XCConfigurationList;
			buildConfigurations = (
				G10000000000000000000005 /* Debug */,
				G10000000000000000000006 /* Release */,
			);
			defaultConfigurationIsVisible = 0;
			defaultConfigurationName = Release;
		};
/* End XCConfigurationList section */
	};
	rootObject = F10000000000000000000001 /* Project object */;
}
